
Microsoft Visual Studio Solution File, Format Version 12.00
# Visual Studio Version 17
VisualStudioVersion = 17.3.32811.315
MinimumVisualStudioVersion = 10.0.40219.1
Project("{FAE04EC0-301F-11D3-BF4B-00C04F79EFBC}") = "ProxyPatternWF", "ProxyPatternWF\ProxyPatternWF.csproj", "{158981B4-C16B-4EEE-89CF-65A5BCA33034}"
EndProject
Global
	GlobalSection(SolutionConfigurationPlatforms) = preSolution
		Debug|Any CPU = Debug|Any CPU
		Release|Any CPU = Release|Any CPU
	EndGlobalSection
	GlobalSection(ProjectConfigurationPlatforms) = postSolution
		{158981B4-C16B-4EEE-89CF-65A5BCA33034}.Debug|Any CPU.ActiveCfg = Debug|Any CPU
		{158981B4-C16B-4EEE-89CF-65A5BCA33034}.Debug|Any CPU.Build.0 = Debug|Any CPU
		{158981B4-C16B-4EEE-89CF-65A5BCA33034}.Release|Any CPU.ActiveCfg = Release|Any CPU
		{158981B4-C16B-4EEE-89CF-65A5BCA33034}.Release|Any CPU.Build.0 = Release|Any CPU
	EndGlobalSection
	GlobalSection(SolutionProperties) = preSolution
		HideSolutionNode = FALSE
	EndGlobalSection
	GlobalSection(ExtensibilityGlobals) = postSolution
		SolutionGuid = {36B714F8-DA27-44E7-A1B2-A5BDC5EC3A42}
	EndGlobalSection
EndGlobal
